
Microsoft Visual Studio Solution File, Format Version 12.00
# Visual Studio Version 17
VisualStudioVersion = 17.11.35327.3
MinimumVisualStudioVersion = 10.0.40219.1
Project("{FAE04EC0-301F-11D3-BF4B-00C04F79EFBC}") = "Trabajo 2.0", "Trabajo 2.0\Trabajo 2.0.csproj", "{7A916BDE-8DB3-4364-8E5E-49C81D15B6BA}"
EndProject
Global
	GlobalSection(SolutionConfigurationPlatforms) = preSolution
		Debug|Any CPU = Debug|Any CPU
		Release|Any CPU = Release|Any CPU
	EndGlobalSection
	GlobalSection(ProjectConfigurationPlatforms) = postSolution
		{7A916BDE-8DB3-4364-8E5E-49C81D15B6BA}.Debug|Any CPU.ActiveCfg = Debug|Any CPU
		{7A916BDE-8DB3-4364-8E5E-49C81D15B6BA}.Debug|Any CPU.Build.0 = Debug|Any CPU
		{7A916BDE-8DB3-4364-8E5E-49C81D15B6BA}.Release|Any CPU.ActiveCfg = Release|Any CPU
		{7A916BDE-8DB3-4364-8E5E-49C81D15B6BA}.Release|Any CPU.Build.0 = Release|Any CPU
	EndGlobalSection
	GlobalSection(SolutionProperties) = preSolution
		HideSolutionNode = FALSE
	EndGlobalSection
	GlobalSection(ExtensibilityGlobals) = postSolution
		SolutionGuid = {6C535270-D61C-48CA-98E0-AFABE15424F0}
	EndGlobalSection
EndGlobal
